{"filter":false,"title":"Gemfile.lock","tooltip":"/sample_app/Gemfile.lock","undoManager":{"mark":3,"position":3,"stack":[[{"start":{"row":128,"column":9},"end":{"row":129,"column":0},"action":"insert","lines":["",""],"id":2},{"start":{"row":129,"column":0},"end":{"row":129,"column":3},"action":"insert","lines":["   "]},{"start":{"row":129,"column":3},"end":{"row":129,"column":4},"action":"insert","lines":["]"]}],[{"start":{"row":129,"column":3},"end":{"row":129,"column":4},"action":"remove","lines":["]"],"id":3}],[{"start":{"row":129,"column":3},"end":{"row":130,"column":0},"action":"insert","lines":["",""],"id":4},{"start":{"row":130,"column":0},"end":{"row":130,"column":3},"action":"insert","lines":["   "]}],[{"start":{"row":130,"column":3},"end":{"row":135,"column":29},"action":"insert","lines":["rails s (or rails c) :","","/Users/me/code/my-project/my-project-web/config/boot.rb:4:in `require': cannot load such file -- bootsnap/setup (LoadError)","\tfrom /Users/me/code/my-project/my-project-web/config/boot.rb:4:in `<top (required)>'","\tfrom bin/rails:3:in `require_relative'","\tfrom bin/rails:3:in `<main>'"],"id":5}]]},"ace":{"folds":[],"scrolltop":1535,"scrollleft":0,"selection":{"start":{"row":135,"column":29},"end":{"row":135,"column":29},"isBackwards":false},"options":{"guessTabSize":true,"useWrapMode":false,"wrapToView":true},"firstLineState":{"row":108,"state":"start","mode":"ace/mode/text"}},"timestamp":1528626795157,"hash":"d25b0357c3398b538a491e80a9aa6f8ebf706139"}